
Microsoft Visual Studio Solution File, Format Version 12.00
# Visual Studio Version 16
VisualStudioVersion = 16.0.31205.134
MinimumVisualStudioVersion = 10.0.40219.1
Project("{FAE04EC0-301F-11D3-BF4B-00C04F79EFBC}") = "KanbanUSF", "KanbanUSF\KanbanUSF.csproj", "{C793BE0C-ACA8-4A43-B45C-6B9DF496D09A}"
EndProject
Global
	GlobalSection(SolutionConfigurationPlatforms) = preSolution
		Debug|Any CPU = Debug|Any CPU
		Release|Any CPU = Release|Any CPU
	EndGlobalSection
	GlobalSection(ProjectConfigurationPlatforms) = postSolution
		{C793BE0C-ACA8-4A43-B45C-6B9DF496D09A}.Debug|Any CPU.ActiveCfg = Debug|Any CPU
		{C793BE0C-ACA8-4A43-B45C-6B9DF496D09A}.Debug|Any CPU.Build.0 = Debug|Any CPU
		{C793BE0C-ACA8-4A43-B45C-6B9DF496D09A}.Release|Any CPU.ActiveCfg = Release|Any CPU
		{C793BE0C-ACA8-4A43-B45C-6B9DF496D09A}.Release|Any CPU.Build.0 = Release|Any CPU
	EndGlobalSection
	GlobalSection(SolutionProperties) = preSolution
		HideSolutionNode = FALSE
	EndGlobalSection
	GlobalSection(ExtensibilityGlobals) = postSolution
		SolutionGuid = {BE5837CB-2CCF-4809-9569-D018E4C1AABA}
	EndGlobalSection
EndGlobal
